# THIS IS AN AUTOGENERATED FILE. DO NOT EDIT THIS FILE DIRECTLY.
# yarn lockfile v1


express-oauth2-jwt-bearer@^1.6.0:
  version "1.6.0"
  resolved "https://registry.yarnpkg.com/express-oauth2-jwt-bearer/-/express-oauth2-jwt-bearer-1.6.0.tgz#7cdb24d5b5712c46e67685de5fd8115ec9aef10a"
  integrity sha512-HXnez7vocYlOqlfF3ozPcf/WE3zxT7zfUNfeg5FHJnvNwhBYlNXiPOvuCtBalis8xcigvwtInzEKhBuH87+9ug==
  dependencies:
    jose "^4.13.1"

jose@^4.13.1:
  version "4.15.4"
  resolved "https://registry.yarnpkg.com/jose/-/jose-4.15.4.tgz#02a9a763803e3872cf55f29ecef0dfdcc218cc03"
  integrity sha512-W+oqK4H+r5sITxfxpSU+MMdr/YSWGvgZMQDIsNoBDGGy4i7GBPTtvFKibQzW06n3U3TqHjhvBJsirShsEJ6eeQ==
